
Microsoft Visual Studio Solution File, Format Version 12.00
# Visual Studio Version 16
VisualStudioVersion = 16.0.31729.503
MinimumVisualStudioVersion = 10.0.40219.1
Project("{FAE04EC0-301F-11D3-BF4B-00C04F79EFBC}") = "CRM App", "CRM App.csproj", "{51CDF927-7AC2-485E-8AD5-0C156EDBDC97}"
EndProject
Global
	GlobalSection(SolutionConfigurationPlatforms) = preSolution
		Debug|Any CPU = Debug|Any CPU
		Release|Any CPU = Release|Any CPU
	EndGlobalSection
	GlobalSection(ProjectConfigurationPlatforms) = postSolution
		{51CDF927-7AC2-485E-8AD5-0C156EDBDC97}.Debug|Any CPU.ActiveCfg = Debug|Any CPU
		{51CDF927-7AC2-485E-8AD5-0C156EDBDC97}.Debug|Any CPU.Build.0 = Debug|Any CPU
		{51CDF927-7AC2-485E-8AD5-0C156EDBDC97}.Release|Any CPU.ActiveCfg = Release|Any CPU
		{51CDF927-7AC2-485E-8AD5-0C156EDBDC97}.Release|Any CPU.Build.0 = Release|Any CPU
	EndGlobalSection
	GlobalSection(SolutionProperties) = preSolution
		HideSolutionNode = FALSE
	EndGlobalSection
	GlobalSection(ExtensibilityGlobals) = postSolution
		SolutionGuid = {925B7111-BAA6-4AEC-93C6-DBCE4F82F471}
	EndGlobalSection
EndGlobal
